
Microsoft Visual Studio Solution File, Format Version 12.00
# Visual Studio 14
VisualStudioVersion = 14.0.25420.1
MinimumVisualStudioVersion = 10.0.40219.1
Project("{FAE04EC0-301F-11D3-BF4B-00C04F79EFBC}") = "FRFuel", "FRFuel.csproj", "{11AE476B-DD55-40F9-A374-174808F0C106}"
EndProject
Global
	GlobalSection(SolutionConfigurationPlatforms) = preSolution
		Debug|Any CPU = Debug|Any CPU
		Release|Any CPU = Release|Any CPU
	EndGlobalSection
	GlobalSection(ProjectConfigurationPlatforms) = postSolution
		{11AE476B-DD55-40F9-A374-174808F0C106}.Debug|Any CPU.ActiveCfg = Debug|Any CPU
		{11AE476B-DD55-40F9-A374-174808F0C106}.Debug|Any CPU.Build.0 = Debug|Any CPU
		{11AE476B-DD55-40F9-A374-174808F0C106}.Release|Any CPU.ActiveCfg = Release|Any CPU
		{11AE476B-DD55-40F9-A374-174808F0C106}.Release|Any CPU.Build.0 = Release|Any CPU
		{57AFD88B-342A-45AD-B26F-274854E3A068}.Debug|Any CPU.ActiveCfg = Debug|Any CPU
		{57AFD88B-342A-45AD-B26F-274854E3A068}.Debug|Any CPU.Build.0 = Debug|Any CPU
		{57AFD88B-342A-45AD-B26F-274854E3A068}.Release|Any CPU.ActiveCfg = Release|Any CPU
		{57AFD88B-342A-45AD-B26F-274854E3A068}.Release|Any CPU.Build.0 = Release|Any CPU
	EndGlobalSection
	GlobalSection(SolutionProperties) = preSolution
		HideSolutionNode = FALSE
	EndGlobalSection
EndGlobal
